
Microsoft Visual Studio Solution File, Format Version 12.00
# Visual Studio 15
VisualStudioVersion = 15.0.27130.2026
MinimumVisualStudioVersion = 10.0.40219.1
Project("{FAE04EC0-301F-11D3-BF4B-00C04F79EFBC}") = "dp_01_factiory", "dp_01_factiory\dp_01_factiory.csproj", "{03A6D845-C70B-4237-9F6D-835061F43A97}"
EndProject
Project("{FAE04EC0-301F-11D3-BF4B-00C04F79EFBC}") = "ConsoleFactiory", "ConsoleFactiory\ConsoleFactiory.csproj", "{53214214-9E7F-4474-96F0-A10461A114D4}"
EndProject
Global
	GlobalSection(SolutionConfigurationPlatforms) = preSolution
		Debug|Any CPU = Debug|Any CPU
		Release|Any CPU = Release|Any CPU
	EndGlobalSection
	GlobalSection(ProjectConfigurationPlatforms) = postSolution
		{03A6D845-C70B-4237-9F6D-835061F43A97}.Debug|Any CPU.ActiveCfg = Debug|Any CPU
		{03A6D845-C70B-4237-9F6D-835061F43A97}.Debug|Any CPU.Build.0 = Debug|Any CPU
		{03A6D845-C70B-4237-9F6D-835061F43A97}.Release|Any CPU.ActiveCfg = Release|Any CPU
		{03A6D845-C70B-4237-9F6D-835061F43A97}.Release|Any CPU.Build.0 = Release|Any CPU
		{53214214-9E7F-4474-96F0-A10461A114D4}.Debug|Any CPU.ActiveCfg = Debug|Any CPU
		{53214214-9E7F-4474-96F0-A10461A114D4}.Debug|Any CPU.Build.0 = Debug|Any CPU
		{53214214-9E7F-4474-96F0-A10461A114D4}.Release|Any CPU.ActiveCfg = Release|Any CPU
		{53214214-9E7F-4474-96F0-A10461A114D4}.Release|Any CPU.Build.0 = Release|Any CPU
	EndGlobalSection
	GlobalSection(SolutionProperties) = preSolution
		HideSolutionNode = FALSE
	EndGlobalSection
	GlobalSection(ExtensibilityGlobals) = postSolution
		SolutionGuid = {01A42FD7-692A-4A30-AE15-976C5B8B7BC5}
	EndGlobalSection
EndGlobal
